// !$*UTF8*$!
{
	archiveVersion = 1;
	classes = {
	};
	objectVersion = 77;
	objects = {

/* Begin PBXContainerItemProxy section */
		EBDF86E92DD9CE4F00CAEE2F /* PBXContainerItemProxy */ = {
			isa = PBXContainerItemProxy;
			containerPortal = EBDF86CF2DD9CE4E00CAEE2F /* Project object */;
			proxyType = 1;
			remoteGlobalIDString = EBDF86D62DD9CE4E00CAEE2F;
			remoteInfo = ibeaconroll_ios;
		};
		EBDF86F32DD9CE4F00CAEE2F /* PBXContainerItemProxy */ = {
			isa = PBXContainerItemProxy;
			containerPortal = EBDF86CF2DD9CE4E00CAEE2F /* Project object */;
			proxyType = 1;
			remoteGlobalIDString = EBDF86D62DD9CE4E00CAEE2F;
			remoteInfo = ibeaconroll_ios;
		};
/* End PBXContainerItemProxy section */

/* Begin PBXFileReference section */
		EBDF86D72DD9CE4E00CAEE2F /* ibeaconroll_ios.app */ = {isa = PBXFileReference; explicitFileType = wrapper.application; includeInIndex = 0; path = ibeaconroll_ios.app; sourceTree = BUILT_PRODUCTS_DIR; };
		EBDF86E82DD9CE4F00CAEE2F /* ibeaconroll_iosTests.xctest */ = {isa = PBXFileReference; explicitFileType = wrapper.cfbundle; includeInIndex = 0; path = ibeaconroll_iosTests.xctest; sourceTree = BUILT_PRODUCTS_DIR; };
		EBDF86F22DD9CE4F00CAEE2F /* ibeaconroll_iosUITests.xctest */ = {isa = PBXFileReference; explicitFileType = wrapper.cfbundle; includeInIndex = 0; path = ibeaconroll_iosUITests.xctest; sourceTree = BUILT_PRODUCTS_DIR; };
/* End PBXFileReference section */

/* Begin PBXFileSystemSynchronizedBuildFileExceptionSet section */
		552F37392DD9D9C3009A207A /* Exceptions for "ibeaconroll_ios" folder in "ibeaconroll_ios" target */ = {
			isa = PBXFileSystemSynchronizedBuildFileExceptionSet;
			platformFiltersByRelativePath = {
				RangeBeaconView.swift = (ios, );
			};
			target = EBDF86D62DD9CE4E00CAEE2F /* ibeaconroll_ios */;
		};
/* End PBXFileSystemSynchronizedBuildFileExceptionSet section */

/* Begin PBXFileSystemSynchronizedRootGroup section */
		EBDF86D92DD9CE4E00CAEE2F /* ibeaconroll_ios */ = {
			isa = PBXFileSystemSynchronizedRootGroup;
			exceptions = (
				552F37392DD9D9C3009A207A /* Exceptions for "ibeaconroll_ios" folder in "ibeaconroll_ios" target */,
			);
			path = ibeaconroll_ios;
			sourceTree = "<group>";
		};
		EBDF86EB2DD9CE4F00CAEE2F /* ibeaconroll_iosTests */ = {
			isa = PBXFileSystemSynchronizedRootGroup;
			path = ibeaconroll_iosTests;
			sourceTree = "<group>";
		};
		EBDF86F52DD9CE4F00CAEE2F /* ibeaconroll_iosUITests */ = {
			isa = PBXFileSystemSynchronizedRootGroup;
			path = ibeaconroll_iosUITests;
			sourceTree = "<group>";
		};
/* End PBXFileSystemSynchronizedRootGroup section */

/* Begin PBXFrameworksBuildPhase section */
		EBDF86D42DD9CE4E00CAEE2F /* Frameworks */ = {
			isa = PBXFrameworksBuildPhase;
			buildActionMask = 2147483647;
			files = (
			);
			runOnlyForDeploymentPostprocessing = 0;
		};
		EBDF86E52DD9CE4F00CAEE2F /* Frameworks */ = {
			isa = PBXFrameworksBuildPhase;
			buildActionMask = 2147483647;
			files = (
			);
			runOnlyForDeploymentPostprocessing = 0;
		};
		EBDF86EF2DD9CE4F00CAEE2F /* Frameworks */ = {
			isa = PBXFrameworksBuildPhase;
			buildActionMask = 2147483647;
			files = (
			);
			runOnlyForDeploymentPostprocessing = 0;
		};
/* End PBXFrameworksBuildPhase section */

/* Begin PBXGroup section */
		EBDF86CE2DD9CE4E00CAEE2F = {
			isa = PBXGroup;
			children = (
				EBDF86D92DD9CE4E00CAEE2F /* ibeaconroll_ios */,
				EBDF86EB2DD9CE4F00CAEE2F /* ibeaconroll_iosTests */,
				EBDF86F52DD9CE4F00CAEE2F /* ibeaconroll_iosUITests */,
				EBDF86D82DD9CE4E00CAEE2F /* Products */,
			);
			sourceTree = "<group>";
		};
		EBDF86D82DD9CE4E00CAEE2F /* Products */ = {
			isa = PBXGroup;
			children = (
				EBDF86D72DD9CE4E00CAEE2F /* ibeaconroll_ios.app */,
				EBDF86E82DD9CE4F00CAEE2F /* ibeaconroll_iosTests.xctest */,
				EBDF86F22DD9CE4F00CAEE2F /* ibeaconroll_iosUITests.xctest */,
			);
			name = Products;
			sourceTree = "<group>";
		};
/* End PBXGroup section */

/* Begin PBXNativeTarget section */
		EBDF86D62DD9CE4E00CAEE2F /* ibeaconroll_ios */ = {
			isa = PBXNativeTarget;
			buildConfigurationList = EBDF86FC2DD9CE4F00CAEE2F /* Build configuration list for PBXNativeTarget "ibeaconroll_ios" */;
			buildPhases = (
				EBDF86D32DD9CE4E00CAEE2F /* Sources */,
				EBDF86D42DD9CE4E00CAEE2F /* Frameworks */,
				EBDF86D52DD9CE4E00CAEE2F /* Resources */,
			);
			buildRules = (
			);
			dependencies = (
			);
			fileSystemSynchronizedGroups = (
				EBDF86D92DD9CE4E00CAEE2F /* ibeaconroll_ios */,
			);
			name = ibeaconroll_ios;
			packageProductDependencies = (
			);
			productName = ibeaconroll_ios;
			productReference = EBDF86D72DD9CE4E00CAEE2F /* ibeaconroll_ios.app */;
			productType = "com.apple.product-type.application";
		};
		EBDF86E72DD9CE4F00CAEE2F /* ibeaconroll_iosTests */ = {
			isa = PBXNativeTarget;
			buildConfigurationList = EBDF86FF2DD9CE4F00CAEE2F /* Build configuration list for PBXNativeTarget "ibeaconroll_iosTests" */;
			buildPhases = (
				EBDF86E42DD9CE4F00CAEE2F /* Sources */,
				EBDF86E52DD9CE4F00CAEE2F /* Frameworks */,
				EBDF86E62DD9CE4F00CAEE2F /* Resources */,
			);
			buildRules = (
			);
			dependencies = (
				EBDF86EA2DD9CE4F00CAEE2F /* PBXTargetDependency */,
			);
			fileSystemSynchronizedGroups = (
				EBDF86EB2DD9CE4F00CAEE2F /* ibeaconroll_iosTests */,
			);
			name = ibeaconroll_iosTests;
			packageProductDependencies = (
			);
			productName = ibeaconroll_iosTests;
			productReference = EBDF86E82DD9CE4F00CAEE2F /* ibeaconroll_iosTests.xctest */;
			productType = "com.apple.product-type.bundle.unit-test";
		};
		EBDF86F12DD9CE4F00CAEE2F /* ibeaconroll_iosUITests */ = {
			isa = PBXNativeTarget;
			buildConfigurationList = EBDF87022DD9CE4F00CAEE2F /* Build configuration list for PBXNativeTarget "ibeaconroll_iosUITests" */;
			buildPhases = (
				EBDF86EE2DD9CE4F00CAEE2F /* Sources */,
				EBDF86EF2DD9CE4F00CAEE2F /* Frameworks */,
				EBDF86F02DD9CE4F00CAEE2F /* Resources */,
			);
			buildRules = (
			);
			dependencies = (
				EBDF86F42DD9CE4F00CAEE2F /* PBXTargetDependency */,
			);
			fileSystemSynchronizedGroups = (
				EBDF86F52DD9CE4F00CAEE2F /* ibeaconroll_iosUITests */,
			);
			name = ibeaconroll_iosUITests;
			packageProductDependencies = (
			);
			productName = ibeaconroll_iosUITests;
			productReference = EBDF86F22DD9CE4F00CAEE2F /* ibeaconroll_iosUITests.xctest */;
			productType = "com.apple.product-type.bundle.ui-testing";
		};
/* End PBXNativeTarget section */

/* Begin PBXProject section */
		EBDF86CF2DD9CE4E00CAEE2F /* Project object */ = {
			isa = PBXProject;
			attributes = {
				BuildIndependentTargetsInParallel = 1;
				LastSwiftUpdateCheck = 1620;
				LastUpgradeCheck = 1620;
				TargetAttributes = {
					EBDF86D62DD9CE4E00CAEE2F = {
						CreatedOnToolsVersion = 16.2;
					};
					EBDF86E72DD9CE4F00CAEE2F = {
						CreatedOnToolsVersion = 16.2;
						TestTargetID = EBDF86D62DD9CE4E00CAEE2F;
					};
					EBDF86F12DD9CE4F00CAEE2F = {
						CreatedOnToolsVersion = 16.2;
						TestTargetID = EBDF86D62DD9CE4E00CAEE2F;
					};
				};
			};
			buildConfigurationList = EBDF86D22DD9CE4E00CAEE2F /* Build configuration list for PBXProject "ibeaconroll_ios" */;
			developmentRegion = en;
			hasScannedForEncodings = 0;
			knownRegions = (
				en,
				Base,
			);
			mainGroup = EBDF86CE2DD9CE4E00CAEE2F;
			minimizedProjectReferenceProxies = 1;
			preferredProjectObjectVersion = 77;
			productRefGroup = EBDF86D82DD9CE4E00CAEE2F /* Products */;
			projectDirPath = "";
			projectRoot = "";
			targets = (
				EBDF86D62DD9CE4E00CAEE2F /* ibeaconroll_ios */,
				EBDF86E72DD9CE4F00CAEE2F /* ibeaconroll_iosTests */,
				EBDF86F12DD9CE4F00CAEE2F /* ibeaconroll_iosUITests */,
			);
		};
/* End PBXProject section */

/* Begin PBXResourcesBuildPhase section */
		EBDF86D52DD9CE4E00CAEE2F /* Resources */ = {
			isa = PBXResourcesBuildPhase;
			buildActionMask = 2147483647;
			files = (
			);
			runOnlyForDeploymentPostprocessing = 0;
		};
		EBDF86E62DD9CE4F00CAEE2F /* Resources */ = {
			isa = PBXResourcesBuildPhase;
			buildActionMask = 2147483647;
			files = (
			);
			runOnlyForDeploymentPostprocessing = 0;
		};
		EBDF86F02DD9CE4F00CAEE2F /* Resources */ = {
			isa = PBXResourcesBuildPhase;
			buildActionMask = 2147483647;
			files = (
			);
			runOnlyForDeploymentPostprocessing = 0;
		};
/* End PBXResourcesBuildPhase section */

/* Begin PBXSourcesBuildPhase section */
		EBDF86D32DD9CE4E00CAEE2F /* Sources */ = {
			isa = PBXSourcesBuildPhase;
			buildActionMask = 2147483647;
			files = (
			);
			runOnlyForDeploymentPostprocessing = 0;
		};
		EBDF86E42DD9CE4F00CAEE2F /* Sources */ = {
			isa = PBXSourcesBuildPhase;
			buildActionMask = 2147483647;
			files = (
			);
			runOnlyForDeploymentPostprocessing = 0;
		};
		EBDF86EE2DD9CE4F00CAEE2F /* Sources */ = {
			isa = PBXSourcesBuildPhase;
			buildActionMask = 2147483647;
			files = (
			);
			runOnlyForDeploymentPostprocessing = 0;
		};
/* End PBXSourcesBuildPhase section */

/* Begin PBXTargetDependency section */
		EBDF86EA2DD9CE4F00CAEE2F /* PBXTargetDependency */ = {
			isa = PBXTargetDependency;
			target = EBDF86D62DD9CE4E00CAEE2F /* ibeaconroll_ios */;
			targetProxy = EBDF86E92DD9CE4F00CAEE2F /* PBXContainerItemProxy */;
		};
		EBDF86F42DD9CE4F00CAEE2F /* PBXTargetDependency */ = {
			isa = PBXTargetDependency;
			target = EBDF86D62DD9CE4E00CAEE2F /* ibeaconroll_ios */;
			targetProxy = EBDF86F32DD9CE4F00CAEE2F /* PBXContainerItemProxy */;
		};
/* End PBXTargetDependency section */

/* Begin XCBuildConfiguration section */
		EBDF86FA2DD9CE4F00CAEE2F /* Debug */ = {
			isa = XCBuildConfiguration;
			buildSettings = {
				ALWAYS_SEARCH_USER_PATHS = NO;
				ASSETCATALOG_COMPILER_GENERATE_SWIFT_ASSET_SYMBOL_EXTENSIONS = YES;
				CLANG_ANALYZER_NONNULL = YES;
				CLANG_ANALYZER_NUMBER_OBJECT_CONVERSION = YES_AGGRESSIVE;
				CLANG_CXX_LANGUAGE_STANDARD = "gnu++20";
				CLANG_ENABLE_MODULES = YES;
				CLANG_ENABLE_OBJC_ARC = YES;
				CLANG_ENABLE_OBJC_WEAK = YES;
				CLANG_WARN_BLOCK_CAPTURE_AUTORELEASING = YES;
				CLANG_WARN_BOOL_CONVERSION = YES;
				CLANG_WARN_COMMA = YES;
				CLANG_WARN_CONSTANT_CONVERSION = YES;
				CLANG_WARN_DEPRECATED_OBJC_IMPLEMENTATIONS = YES;
				CLANG_WARN_DIRECT_OBJC_ISA_USAGE = YES_ERROR;
				CLANG_WARN_DOCUMENTATION_COMMENTS = YES;
				CLANG_WARN_EMPTY_BODY = YES;
				CLANG_WARN_ENUM_CONVERSION = YES;
				CLANG_WARN_INFINITE_RECURSION = YES;
				CLANG_WARN_INT_CONVERSION = YES;
				CLANG_WARN_NON_LITERAL_NULL_CONVERSION = YES;
				CLANG_WARN_OBJC_IMPLICIT_RETAIN_SELF = YES;
				CLANG_WARN_OBJC_LITERAL_CONVERSION = YES;
				CLANG_WARN_OBJC_ROOT_CLASS = YES_ERROR;
				CLANG_WARN_QUOTED_INCLUDE_IN_FRAMEWORK_HEADER = YES;
				CLANG_WARN_RANGE_LOOP_ANALYSIS = YES;
				CLANG_WARN_STRICT_PROTOTYPES = YES;
				CLANG_WARN_SUSPICIOUS_MOVE = YES;
				CLANG_WARN_UNGUARDED_AVAILABILITY = YES_AGGRESSIVE;
				CLANG_WARN_UNREACHABLE_CODE = YES;
				CLANG_WARN__DUPLICATE_METHOD_MATCH = YES;
				COPY_PHASE_STRIP = NO;
				DEBUG_INFORMATION_FORMAT = dwarf;
				ENABLE_STRICT_OBJC_MSGSEND = YES;
				ENABLE_TESTABILITY = YES;
				ENABLE_USER_SCRIPT_SANDBOXING = YES;
				GCC_C_LANGUAGE_STANDARD = gnu17;
				GCC_DYNAMIC_NO_PIC = NO;
				GCC_NO_COMMON_BLOCKS = YES;
				GCC_OPTIMIZATION_LEVEL = 0;
				GCC_PREPROCESSOR_DEFINITIONS = (
					"DEBUG=1",
					"$(inherited)",
				);
				GCC_WARN_64_TO_32_BIT_CONVERSION = YES;
				GCC_WARN_ABOUT_RETURN_TYPE = YES_ERROR;
				GCC_WARN_UNDECLARED_SELECTOR = YES;
				GCC_WARN_UNINITIALIZED_AUTOS = YES_AGGRESSIVE;
				GCC_WARN_UNUSED_FUNCTION = YES;
				GCC_WARN_UNUSED_VARIABLE = YES;
				LOCALIZATION_PREFERS_STRING_CATALOGS = YES;
				MTL_ENABLE_DEBUG_INFO = INCLUDE_SOURCE;
				MTL_FAST_MATH = YES;
				ONLY_ACTIVE_ARCH = YES;
				SWIFT_ACTIVE_COMPILATION_CONDITIONS = "DEBUG $(inherited)";
				SWIFT_OPTIMIZATION_LEVEL = "-Onone";
			};
			name = Debug;
		};
		EBDF86FB2DD9CE4F00CAEE2F /* Release */ = {
			isa = XCBuildConfiguration;
			buildSettings = {
				ALWAYS_SEARCH_USER_PATHS = NO;
				ASSETCATALOG_COMPILER_GENERATE_SWIFT_ASSET_SYMBOL_EXTENSIONS = YES;
				CLANG_ANALYZER_NONNULL = YES;
				CLANG_ANALYZER_NUMBER_OBJECT_CONVERSION = YES_AGGRESSIVE;
				CLANG_CXX_LANGUAGE_STANDARD = "gnu++20";
				CLANG_ENABLE_MODULES = YES;
				CLANG_ENABLE_OBJC_ARC = YES;
				CLANG_ENABLE_OBJC_WEAK = YES;
				CLANG_WARN_BLOCK_CAPTURE_AUTORELEASING = YES;
				CLANG_WARN_BOOL_CONVERSION = YES;
				CLANG_WARN_COMMA = YES;
				CLANG_WARN_CONSTANT_CONVERSION = YES;
				CLANG_WARN_DEPRECATED_OBJC_IMPLEMENTATIONS = YES;
				CLANG_WARN_DIRECT_OBJC_ISA_USAGE = YES_ERROR;
				CLANG_WARN_DOCUMENTATION_COMMENTS = YES;
				CLANG_WARN_EMPTY_BODY = YES;
				CLANG_WARN_ENUM_CONVERSION = YES;
				CLANG_WARN_INFINITE_RECURSION = YES;
				CLANG_WARN_INT_CONVERSION = YES;
				CLANG_WARN_NON_LITERAL_NULL_CONVERSION = YES;
				CLANG_WARN_OBJC_IMPLICIT_RETAIN_SELF = YES;
				CLANG_WARN_OBJC_LITERAL_CONVERSION = YES;
				CLANG_WARN_OBJC_ROOT_CLASS = YES_ERROR;
				CLANG_WARN_QUOTED_INCLUDE_IN_FRAMEWORK_HEADER = YES;
				CLANG_WARN_RANGE_LOOP_ANALYSIS = YES;
				CLANG_WARN_STRICT_PROTOTYPES = YES;
				CLANG_WARN_SUSPICIOUS_MOVE = YES;
				CLANG_WARN_UNGUARDED_AVAILABILITY = YES_AGGRESSIVE;
				CLANG_WARN_UNREACHABLE_CODE = YES;
				CLANG_WARN__DUPLICATE_METHOD_MATCH = YES;
				COPY_PHASE_STRIP = NO;
				DEBUG_INFORMATION_FORMAT = "dwarf-with-dsym";
				ENABLE_NS_ASSERTIONS = NO;
				ENABLE_STRICT_OBJC_MSGSEND = YES;
				ENABLE_USER_SCRIPT_SANDBOXING = YES;
				GCC_C_LANGUAGE_STANDARD = gnu17;
				GCC_NO_COMMON_BLOCKS = YES;
				GCC_WARN_64_TO_32_BIT_CONVERSION = YES;
				GCC_WARN_ABOUT_RETURN_TYPE = YES_ERROR;
				GCC_WARN_UNDECLARED_SELECTOR = YES;
				GCC_WARN_UNINITIALIZED_AUTOS = YES_AGGRESSIVE;
				GCC_WARN_UNUSED_FUNCTION = YES;
				GCC_WARN_UNUSED_VARIABLE = YES;
				LOCALIZATION_PREFERS_STRING_CATALOGS = YES;
				MTL_ENABLE_DEBUG_INFO = NO;
				MTL_FAST_MATH = YES;
				SWIFT_COMPILATION_MODE = wholemodule;
			};
			name = Release;
		};
		EBDF86FD2DD9CE4F00CAEE2F /* Debug */ = {
			isa = XCBuildConfiguration;
			buildSettings = {
				ASSETCATALOG_COMPILER_APPICON_NAME = AppIcon;
				ASSETCATALOG_COMPILER_GLOBAL_ACCENT_COLOR_NAME = AccentColor;
				CODE_SIGN_ENTITLEMENTS = ibeaconroll_ios/ibeaconroll_ios.entitlements;
				CODE_SIGN_STYLE = Automatic;
				CURRENT_PROJECT_VERSION = 1;
				DEVELOPMENT_ASSET_PATHS = "\"ibeaconroll_ios/Preview Content\"";
				DEVELOPMENT_TEAM = SCDJJYX64B;
				ENABLE_HARDENED_RUNTIME = YES;
				ENABLE_PREVIEWS = YES;
				GENERATE_INFOPLIST_FILE = YES;
				INFOPLIST_FILE = "ibeaconroll-ios-Info.plist";
				"INFOPLIST_KEY_UIApplicationSceneManifest_Generation[sdk=iphoneos*]" = YES;
				"INFOPLIST_KEY_UIApplicationSceneManifest_Generation[sdk=iphonesimulator*]" = YES;
				"INFOPLIST_KEY_UIApplicationSupportsIndirectInputEvents[sdk=iphoneos*]" = YES;
				"INFOPLIST_KEY_UIApplicationSupportsIndirectInputEvents[sdk=iphonesimulator*]" = YES;
				"INFOPLIST_KEY_UILaunchScreen_Generation[sdk=iphoneos*]" = YES;
				"INFOPLIST_KEY_UILaunchScreen_Generation[sdk=iphonesimulator*]" = YES;
				"INFOPLIST_KEY_UIStatusBarStyle[sdk=iphoneos*]" = UIStatusBarStyleDefault;
				"INFOPLIST_KEY_UIStatusBarStyle[sdk=iphonesimulator*]" = UIStatusBarStyleDefault;
				INFOPLIST_KEY_UISupportedInterfaceOrientations_iPad = "UIInterfaceOrientationPortrait UIInterfaceOrientationPortraitUpsideDown UIInterfaceOrientationLandscapeLeft UIInterfaceOrientationLandscapeRight";
				INFOPLIST_KEY_UISupportedInterfaceOrientations_iPhone = "UIInterfaceOrientationPortrait UIInterfaceOrientationLandscapeLeft UIInterfaceOrientationLandscapeRight";
				IPHONEOS_DEPLOYMENT_TARGET = 18.2;
				LD_RUNPATH_SEARCH_PATHS = "@executable_path/Frameworks";
				"LD_RUNPATH_SEARCH_PATHS[sdk=macosx*]" = "@executable_path/../Frameworks";
				MACOSX_DEPLOYMENT_TARGET = 15.1;
				MARKETING_VERSION = 1.0;
				PRODUCT_BUNDLE_IDENTIFIER = com.dayeonkim.ibeaconroll;
				PRODUCT_NAME = "$(TARGET_NAME)";
				SDKROOT = auto;
				SUPPORTED_PLATFORMS = "iphoneos iphonesimulator macosx xros xrsimulator";
				SWIFT_EMIT_LOC_STRINGS = YES;
				SWIFT_VERSION = 5.0;
				TARGETED_DEVICE_FAMILY = "1,2,7";
				XROS_DEPLOYMENT_TARGET = 2.2;
			};
			name = Debug;
		};
		EBDF86FE2DD9CE4F00CAEE2F /* Release */ = {
			isa = XCBuildConfiguration;
			buildSettings = {
				ASSETCATALOG_COMPILER_APPICON_NAME = AppIcon;
				ASSETCATALOG_COMPILER_GLOBAL_ACCENT_COLOR_NAME = AccentColor;
				CODE_SIGN_ENTITLEMENTS = ibeaconroll_ios/ibeaconroll_ios.entitlements;
				CODE_SIGN_STYLE = Automatic;
				CURRENT_PROJECT_VERSION = 1;
				DEVELOPMENT_ASSET_PATHS = "\"ibeaconroll_ios/Preview Content\"";
				DEVELOPMENT_TEAM = SCDJJYX64B;
				ENABLE_HARDENED_RUNTIME = YES;
				ENABLE_PREVIEWS = YES;
				GENERATE_INFOPLIST_FILE = YES;
				INFOPLIST_FILE = "ibeaconroll-ios-Info.plist";
				"INFOPLIST_KEY_UIApplicationSceneManifest_Generation[sdk=iphoneos*]" = YES;
				"INFOPLIST_KEY_UIApplicationSceneManifest_Generation[sdk=iphonesimulator*]" = YES;
				"INFOPLIST_KEY_UIApplicationSupportsIndirectInputEvents[sdk=iphoneos*]" = YES;
				"INFOPLIST_KEY_UIApplicationSupportsIndirectInputEvents[sdk=iphonesimulator*]" = YES;
				"INFOPLIST_KEY_UILaunchScreen_Generation[sdk=iphoneos*]" = YES;
				"INFOPLIST_KEY_UILaunchScreen_Generation[sdk=iphonesimulator*]" = YES;
				"INFOPLIST_KEY_UIStatusBarStyle[sdk=iphoneos*]" = UIStatusBarStyleDefault;
				"INFOPLIST_KEY_UIStatusBarStyle[sdk=iphonesimulator*]" = UIStatusBarStyleDefault;
				INFOPLIST_KEY_UISupportedInterfaceOrientations_iPad = "UIInterfaceOrientationPortrait UIInterfaceOrientationPortraitUpsideDown UIInterfaceOrientationLandscapeLeft UIInterfaceOrientationLandscapeRight";
				INFOPLIST_KEY_UISupportedInterfaceOrientations_iPhone = "UIInterfaceOrientationPortrait UIInterfaceOrientationLandscapeLeft UIInterfaceOrientationLandscapeRight";
				IPHONEOS_DEPLOYMENT_TARGET = 18.2;
				LD_RUNPATH_SEARCH_PATHS = "@executable_path/Frameworks";
				"LD_RUNPATH_SEARCH_PATHS[sdk=macosx*]" = "@executable_path/../Frameworks";
				MACOSX_DEPLOYMENT_TARGET = 15.1;
				MARKETING_VERSION = 1.0;
				PRODUCT_BUNDLE_IDENTIFIER = com.dayeonkim.ibeaconroll;
				PRODUCT_NAME = "$(TARGET_NAME)";
				SDKROOT = auto;
				SUPPORTED_PLATFORMS = "iphoneos iphonesimulator macosx xros xrsimulator";
				SWIFT_EMIT_LOC_STRINGS = YES;
				SWIFT_VERSION = 5.0;
				TARGETED_DEVICE_FAMILY = "1,2,7";
				XROS_DEPLOYMENT_TARGET = 2.2;
			};
			name = Release;
		};
		EBDF87002DD9CE4F00CAEE2F /* Debug */ = {
			isa = XCBuildConfiguration;
			buildSettings = {
				BUNDLE_LOADER = "$(TEST_HOST)";
				CODE_SIGN_STYLE = Automatic;
				CURRENT_PROJECT_VERSION = 1;
				DEVELOPMENT_TEAM = SCDJJYX64B;
				GENERATE_INFOPLIST_FILE = YES;
				IPHONEOS_DEPLOYMENT_TARGET = 18.2;
				MACOSX_DEPLOYMENT_TARGET = 15.1;
				MARKETING_VERSION = 1.0;
				PRODUCT_BUNDLE_IDENTIFIER = "luck4.ibeaconroll-iosTests";
				PRODUCT_NAME = "$(TARGET_NAME)";
				SDKROOT = auto;
				SUPPORTED_PLATFORMS = "iphoneos iphonesimulator macosx xros xrsimulator";
				SWIFT_EMIT_LOC_STRINGS = NO;
				SWIFT_VERSION = 5.0;
				TARGETED_DEVICE_FAMILY = "1,2,7";
				TEST_HOST = "$(BUILT_PRODUCTS_DIR)/ibeaconroll_ios.app/$(BUNDLE_EXECUTABLE_FOLDER_PATH)/ibeaconroll_ios";
				XROS_DEPLOYMENT_TARGET = 2.2;
			};
			name = Debug;
		};
		EBDF87012DD9CE4F00CAEE2F /* Release */ = {
			isa = XCBuildConfiguration;
			buildSettings = {
				BUNDLE_LOADER = "$(TEST_HOST)";
				CODE_SIGN_STYLE = Automatic;
				CURRENT_PROJECT_VERSION = 1;
				DEVELOPMENT_TEAM = SCDJJYX64B;
				GENERATE_INFOPLIST_FILE = YES;
				IPHONEOS_DEPLOYMENT_TARGET = 18.2;
				MACOSX_DEPLOYMENT_TARGET = 15.1;
				MARKETING_VERSION = 1.0;
				PRODUCT_BUNDLE_IDENTIFIER = "luck4.ibeaconroll-iosTests";
				PRODUCT_NAME = "$(TARGET_NAME)";
				SDKROOT = auto;
				SUPPORTED_PLATFORMS = "iphoneos iphonesimulator macosx xros xrsimulator";
				SWIFT_EMIT_LOC_STRINGS = NO;
				SWIFT_VERSION = 5.0;
				TARGETED_DEVICE_FAMILY = "1,2,7";
				TEST_HOST = "$(BUILT_PRODUCTS_DIR)/ibeaconroll_ios.app/$(BUNDLE_EXECUTABLE_FOLDER_PATH)/ibeaconroll_ios";
				XROS_DEPLOYMENT_TARGET = 2.2;
			};
			name = Release;
		};
		EBDF87032DD9CE4F00CAEE2F /* Debug */ = {
			isa = XCBuildConfiguration;
			buildSettings = {
				CODE_SIGN_STYLE = Automatic;
				CURRENT_PROJECT_VERSION = 1;
				DEVELOPMENT_TEAM = SCDJJYX64B;
				GENERATE_INFOPLIST_FILE = YES;
				IPHONEOS_DEPLOYMENT_TARGET = 18.2;
				MACOSX_DEPLOYMENT_TARGET = 15.1;
				MARKETING_VERSION = 1.0;
				PRODUCT_BUNDLE_IDENTIFIER = "luck4.ibeaconroll-iosUITests";
				PRODUCT_NAME = "$(TARGET_NAME)";
				SDKROOT = auto;
				SUPPORTED_PLATFORMS = "iphoneos iphonesimulator macosx xros xrsimulator";
				SWIFT_EMIT_LOC_STRINGS = NO;
				SWIFT_VERSION = 5.0;
				TARGETED_DEVICE_FAMILY = "1,2,7";
				TEST_TARGET_NAME = ibeaconroll_ios;
				XROS_DEPLOYMENT_TARGET = 2.2;
			};
			name = Debug;
		};
		EBDF87042DD9CE4F00CAEE2F /* Release */ = {
			isa = XCBuildConfiguration;
			buildSettings = {
				CODE_SIGN_STYLE = Automatic;
				CURRENT_PROJECT_VERSION = 1;
				DEVELOPMENT_TEAM = SCDJJYX64B;
				GENERATE_INFOPLIST_FILE = YES;
				IPHONEOS_DEPLOYMENT_TARGET = 18.2;
				MACOSX_DEPLOYMENT_TARGET = 15.1;
				MARKETING_VERSION = 1.0;
				PRODUCT_BUNDLE_IDENTIFIER = "luck4.ibeaconroll-iosUITests";
				PRODUCT_NAME = "$(TARGET_NAME)";
				SDKROOT = auto;
				SUPPORTED_PLATFORMS = "iphoneos iphonesimulator macosx xros xrsimulator";
				SWIFT_EMIT_LOC_STRINGS = NO;
				SWIFT_VERSION = 5.0;
				TARGETED_DEVICE_FAMILY = "1,2,7";
				TEST_TARGET_NAME = ibeaconroll_ios;
				XROS_DEPLOYMENT_TARGET = 2.2;
			};
			name = Release;
		};
/* End XCBuildConfiguration section */

/* Begin XCConfigurationList section */
		EBDF86D22DD9CE4E00CAEE2F /* Build configuration list for PBXProject "ibeaconroll_ios" */ = {
			isa = XCConfigurationList;
			buildConfigurations = (
				EBDF86FA2DD9CE4F00CAEE2F /* Debug */,
				EBDF86FB2DD9CE4F00CAEE2F /* Release */,
			);
			defaultConfigurationIsVisible = 0;
			defaultConfigurationName = Release;
		};
		EBDF86FC2DD9CE4F00CAEE2F /* Build configuration list for PBXNativeTarget "ibeaconroll_ios" */ = {
			isa = XCConfigurationList;
			buildConfigurations = (
				EBDF86FD2DD9CE4F00CAEE2F /* Debug */,
				EBDF86FE2DD9CE4F00CAEE2F /* Release */,
			);
			defaultConfigurationIsVisible = 0;
			defaultConfigurationName = Release;
		};
		EBDF86FF2DD9CE4F00CAEE2F /* Build configuration list for PBXNativeTarget "ibeaconroll_iosTests" */ = {
			isa = XCConfigurationList;
			buildConfigurations = (
				EBDF87002DD9CE4F00CAEE2F /* Debug */,
				EBDF87012DD9CE4F00CAEE2F /* Release */,
			);
			defaultConfigurationIsVisible = 0;
			defaultConfigurationName = Release;
		};
		EBDF87022DD9CE4F00CAEE2F /* Build configuration list for PBXNativeTarget "ibeaconroll_iosUITests" */ = {
			isa = XCConfigurationList;
			buildConfigurations = (
				EBDF87032DD9CE4F00CAEE2F /* Debug */,
				EBDF87042DD9CE4F00CAEE2F /* Release */,
			);
			defaultConfigurationIsVisible = 0;
			defaultConfigurationName = Release;
		};
/* End XCConfigurationList section */
	};
	rootObject = EBDF86CF2DD9CE4E00CAEE2F /* Project object */;
}
